{
  "originHash" : "0f959227af1f091e54c795420c696bccf0f85d38cf1ee000c173f832b72d1f7d",
  "pins" : [
    {
      "identity" : "idzswiftcommoncrypto",
      "kind" : "remoteSourceControl",
      "location" : "https://github.com/iosdevzone/IDZSwiftCommonCrypto",
      "state" : {
        "revision" : "47f9747d12137cd59d783ab376e3ccab7206319b",
        "version" : "0.16.1"
      }
    }
  ],
  "version" : 3
}
